// !$*UTF8*$!
{
	archiveVersion = 1;
	classes = {
	};
	objectVersion = 46;
	objects = {

/* Begin PBXBuildFile section */
		00603AE11E217C0B00FCB834 /* CGVectorExtensionsSpec.swift in Sources */ = {isa = PBXBuildFile; fileRef = 00603AE01E217C0B00FCB834 /* CGVectorExtensionsSpec.swift */; };
		00603AE21E217C0B00FCB834 /* CGVectorExtensionsSpec.swift in Sources */ = {isa = PBXBuildFile; fileRef = 00603AE01E217C0B00FCB834 /* CGVectorExtensionsSpec.swift */; };
		0068F8C91E1F572C006627E1 /* FloatingPointExtensionsSpec.swift in Sources */ = {isa = PBXBuildFile; fileRef = 0068F8C81E1F572C006627E1 /* FloatingPointExtensionsSpec.swift */; };
		0068F8CA1E1F572C006627E1 /* FloatingPointExtensionsSpec.swift in Sources */ = {isa = PBXBuildFile; fileRef = 0068F8C81E1F572C006627E1 /* FloatingPointExtensionsSpec.swift */; };
		0068F8CC1E20332E006627E1 /* CGSizeExtensionsSpec.swift in Sources */ = {isa = PBXBuildFile; fileRef = 0068F8CB1E20332E006627E1 /* CGSizeExtensionsSpec.swift */; };
		0068F8CD1E20332E006627E1 /* CGSizeExtensionsSpec.swift in Sources */ = {isa = PBXBuildFile; fileRef = 0068F8CB1E20332E006627E1 /* CGSizeExtensionsSpec.swift */; };
		009629921E1EB6AA00DDA0AF /* Tests.swift in Sources */ = {isa = PBXBuildFile; fileRef = 607FACEB1AFB9204008FA782 /* Tests.swift */; };
		009629981E1EB79200DDA0AF /* AppDelegate.swift in Sources */ = {isa = PBXBuildFile; fileRef = 009629951E1EB79200DDA0AF /* AppDelegate.swift */; };
		009629991E1EB79200DDA0AF /* Images.xcassets in Resources */ = {isa = PBXBuildFile; fileRef = 009629961E1EB79200DDA0AF /* Images.xcassets */; };
		0096299A1E1EB79200DDA0AF /* ViewController.swift in Sources */ = {isa = PBXBuildFile; fileRef = 009629971E1EB79200DDA0AF /* ViewController.swift */; };
		009629A01E1EB7C600DDA0AF /* LaunchScreen.xib in Resources */ = {isa = PBXBuildFile; fileRef = 0096299C1E1EB7C600DDA0AF /* LaunchScreen.xib */; };
		009629A11E1EB7C600DDA0AF /* Main.storyboard in Resources */ = {isa = PBXBuildFile; fileRef = 0096299E1E1EB7C600DDA0AF /* Main.storyboard */; };
		009629A71E1EB8E900DDA0AF /* AppDelegate.swift in Sources */ = {isa = PBXBuildFile; fileRef = 009629A41E1EB8E900DDA0AF /* AppDelegate.swift */; };
		009629A81E1EB8E900DDA0AF /* Assets.xcassets in Resources */ = {isa = PBXBuildFile; fileRef = 009629A51E1EB8E900DDA0AF /* Assets.xcassets */; };
		009629A91E1EB8E900DDA0AF /* ViewController.swift in Sources */ = {isa = PBXBuildFile; fileRef = 009629A61E1EB8E900DDA0AF /* ViewController.swift */; };
		009629AE1E1EB91400DDA0AF /* Main.storyboard in Resources */ = {isa = PBXBuildFile; fileRef = 009629AC1E1EB91400DDA0AF /* Main.storyboard */; };
		009629B21E1ECA2800DDA0AF /* CGPointExtensionsSpec.swift in Sources */ = {isa = PBXBuildFile; fileRef = 009629B11E1ECA2800DDA0AF /* CGPointExtensionsSpec.swift */; };
		009629B31E1ECA2800DDA0AF /* CGPointExtensionsSpec.swift in Sources */ = {isa = PBXBuildFile; fileRef = 009629B11E1ECA2800DDA0AF /* CGPointExtensionsSpec.swift */; };
		009629B51E1ECE7C00DDA0AF /* OperatorsSpec.swift in Sources */ = {isa = PBXBuildFile; fileRef = 009629B41E1ECE7C00DDA0AF /* OperatorsSpec.swift */; };
		009629B61E1ECE7C00DDA0AF /* OperatorsSpec.swift in Sources */ = {isa = PBXBuildFile; fileRef = 009629B41E1ECE7C00DDA0AF /* OperatorsSpec.swift */; };
		2C66D5F83365ADF16C99AF82 /* Pods_CGExtensions_CGExtensions_Example_iOS.framework in Frameworks */ = {isa = PBXBuildFile; fileRef = 782B26E31F86D4F182C1B872 /* Pods_CGExtensions_CGExtensions_Example_iOS.framework */; };
		3ACC45D311EBE59983F3E375 /* Pods_CGExtensions_Tests_macOS.framework in Frameworks */ = {isa = PBXBuildFile; fileRef = 907BB5E9CE9C0719E441E4FE /* Pods_CGExtensions_Tests_macOS.framework */; };
		5A44894446E27FB049343ABE /* Pods_CGExtensions_Tests_iOS.framework in Frameworks */ = {isa = PBXBuildFile; fileRef = 2DC10956587B2903C04A306A /* Pods_CGExtensions_Tests_iOS.framework */; };
		607FACEC1AFB9204008FA782 /* Tests.swift in Sources */ = {isa = PBXBuildFile; fileRef = 607FACEB1AFB9204008FA782 /* Tests.swift */; };
		DBA18ED0FB6610693D9D8477 /* Pods_CGExtensions_CGExtensions_Example_macOS.framework in Frameworks */ = {isa = PBXBuildFile; fileRef = 8FE2C1C5C7D911AAD1611C4A /* Pods_CGExtensions_CGExtensions_Example_macOS.framework */; };
/* End PBXBuildFile section */

/* Begin PBXContainerItemProxy section */
		009629751E1EAF3900DDA0AF /* PBXContainerItemProxy */ = {
			isa = PBXContainerItemProxy;
			containerPortal = 607FACC81AFB9204008FA782 /* Project object */;
			proxyType = 1;
			remoteGlobalIDString = 009629631E1EAF3900DDA0AF;
			remoteInfo = CGExtensions_Example_macOS;
		};
		607FACE61AFB9204008FA782 /* PBXContainerItemProxy */ = {
			isa = PBXContainerItemProxy;
			containerPortal = 607FACC81AFB9204008FA782 /* Project object */;
			proxyType = 1;
			remoteGlobalIDString = 607FACCF1AFB9204008FA782;
			remoteInfo = CGExtensions;
		};
/* End PBXContainerItemProxy section */

/* Begin PBXFileReference section */
		00603AE01E217C0B00FCB834 /* CGVectorExtensionsSpec.swift */ = {isa = PBXFileReference; fileEncoding = 4; lastKnownFileType = sourcecode.swift; path = CGVectorExtensionsSpec.swift; sourceTree = "<group>"; };
		0068F8C81E1F572C006627E1 /* FloatingPointExtensionsSpec.swift */ = {isa = PBXFileReference; fileEncoding = 4; lastKnownFileType = sourcecode.swift; path = FloatingPointExtensionsSpec.swift; sourceTree = "<group>"; };
		0068F8CB1E20332E006627E1 /* CGSizeExtensionsSpec.swift */ = {isa = PBXFileReference; fileEncoding = 4; lastKnownFileType = sourcecode.swift; path = CGSizeExtensionsSpec.swift; sourceTree = "<group>"; };
		009629641E1EAF3900DDA0AF /* CGExtensions_Example_macOS.app */ = {isa = PBXFileReference; explicitFileType = wrapper.application; includeInIndex = 0; path = CGExtensions_Example_macOS.app; sourceTree = BUILT_PRODUCTS_DIR; };
		009629741E1EAF3900DDA0AF /* CGExtensions_Tests_macOS.xctest */ = {isa = PBXFileReference; explicitFileType = wrapper.cfbundle; includeInIndex = 0; path = CGExtensions_Tests_macOS.xctest; sourceTree = BUILT_PRODUCTS_DIR; };
		009629931E1EB6E500DDA0AF /* Info.plist */ = {isa = PBXFileReference; lastKnownFileType = text.plist.xml; name = Info.plist; path = iOS/Info.plist; sourceTree = "<group>"; };
		009629941E1EB6F800DDA0AF /* Info.plist */ = {isa = PBXFileReference; lastKnownFileType = text.plist.xml; name = Info.plist; path = Tests/macOS/Info.plist; sourceTree = SOURCE_ROOT; };
		009629951E1EB79200DDA0AF /* AppDelegate.swift */ = {isa = PBXFileReference; fileEncoding = 4; lastKnownFileType = sourcecode.swift; name = AppDelegate.swift; path = Example_iOS/AppDelegate.swift; sourceTree = SOURCE_ROOT; };
		009629961E1EB79200DDA0AF /* Images.xcassets */ = {isa = PBXFileReference; lastKnownFileType = folder.assetcatalog; name = Images.xcassets; path = Example_iOS/Images.xcassets; sourceTree = SOURCE_ROOT; };
		009629971E1EB79200DDA0AF /* ViewController.swift */ = {isa = PBXFileReference; fileEncoding = 4; lastKnownFileType = sourcecode.swift; name = ViewController.swift; path = Example_iOS/ViewController.swift; sourceTree = SOURCE_ROOT; };
		0096299B1E1EB7A500DDA0AF /* Info.plist */ = {isa = PBXFileReference; lastKnownFileType = text.plist.xml; name = Info.plist; path = Example_iOS/Info.plist; sourceTree = SOURCE_ROOT; };
		0096299D1E1EB7C600DDA0AF /* Base */ = {isa = PBXFileReference; lastKnownFileType = file.xib; name = Base; path = Example_iOS/Base.lproj/LaunchScreen.xib; sourceTree = SOURCE_ROOT; };
		0096299F1E1EB7C600DDA0AF /* Base */ = {isa = PBXFileReference; lastKnownFileType = file.storyboard; name = Base; path = Example_iOS/Base.lproj/Main.storyboard; sourceTree = SOURCE_ROOT; };
		009629A41E1EB8E900DDA0AF /* AppDelegate.swift */ = {isa = PBXFileReference; fileEncoding = 4; lastKnownFileType = sourcecode.swift; name = AppDelegate.swift; path = Example_macOS/AppDelegate.swift; sourceTree = SOURCE_ROOT; };
		009629A51E1EB8E900DDA0AF /* Assets.xcassets */ = {isa = PBXFileReference; lastKnownFileType = folder.assetcatalog; name = Assets.xcassets; path = Example_macOS/Assets.xcassets; sourceTree = SOURCE_ROOT; };
		009629A61E1EB8E900DDA0AF /* ViewController.swift */ = {isa = PBXFileReference; fileEncoding = 4; lastKnownFileType = sourcecode.swift; name = ViewController.swift; path = Example_macOS/ViewController.swift; sourceTree = SOURCE_ROOT; };
		009629AA1E1EB8F500DDA0AF /* Info.plist */ = {isa = PBXFileReference; fileEncoding = 4; lastKnownFileType = text.plist.xml; name = Info.plist; path = Example_macOS/Info.plist; sourceTree = SOURCE_ROOT; };
		009629AD1E1EB91400DDA0AF /* Base */ = {isa = PBXFileReference; lastKnownFileType = file.storyboard; name = Base; path = Example_macOS/Base.lproj/Main.storyboard; sourceTree = SOURCE_ROOT; };
		009629B11E1ECA2800DDA0AF /* CGPointExtensionsSpec.swift */ = {isa = PBXFileReference; fileEncoding = 4; lastKnownFileType = sourcecode.swift; path = CGPointExtensionsSpec.swift; sourceTree = "<group>"; };
		009629B41E1ECE7C00DDA0AF /* OperatorsSpec.swift */ = {isa = PBXFileReference; fileEncoding = 4; lastKnownFileType = sourcecode.swift; path = OperatorsSpec.swift; sourceTree = "<group>"; };
		0A6D90F1F5CBE80435ABED6A /* Pods-CGExtensions_Tests.debug.xcconfig */ = {isa = PBXFileReference; includeInIndex = 1; lastKnownFileType = text.xcconfig; name = "Pods-CGExtensions_Tests.debug.xcconfig"; path = "Pods/Target Support Files/Pods-CGExtensions_Tests/Pods-CGExtensions_Tests.debug.xcconfig"; sourceTree = "<group>"; };
		0EF8D56E9878263000B86B4A /* CGExtensions.podspec */ = {isa = PBXFileReference; includeInIndex = 1; lastKnownFileType = text; name = CGExtensions.podspec; path = ../CGExtensions.podspec; sourceTree = "<group>"; };
		204F970D16A89BD5A570C04C /* Pods-CGExtensions_Tests.release.xcconfig */ = {isa = PBXFileReference; includeInIndex = 1; lastKnownFileType = text.xcconfig; name = "Pods-CGExtensions_Tests.release.xcconfig"; path = "Pods/Target Support Files/Pods-CGExtensions_Tests/Pods-CGExtensions_Tests.release.xcconfig"; sourceTree = "<group>"; };
		28C70B9F955410617D7FCF32 /* Pods_CGExtensions_Tests.framework */ = {isa = PBXFileReference; explicitFileType = wrapper.framework; includeInIndex = 0; path = Pods_CGExtensions_Tests.framework; sourceTree = BUILT_PRODUCTS_DIR; };
		2B4ED617327908990093360D /* Pods-CGExtensions_Example.debug.xcconfig */ = {isa = PBXFileReference; includeInIndex = 1; lastKnownFileType = text.xcconfig; name = "Pods-CGExtensions_Example.debug.xcconfig"; path = "Pods/Target Support Files/Pods-CGExtensions_Example/Pods-CGExtensions_Example.debug.xcconfig"; sourceTree = "<group>"; };
		2DC10956587B2903C04A306A /* Pods_CGExtensions_Tests_iOS.framework */ = {isa = PBXFileReference; explicitFileType = wrapper.framework; includeInIndex = 0; path = Pods_CGExtensions_Tests_iOS.framework; sourceTree = BUILT_PRODUCTS_DIR; };
		444601277CBE026FF61565D5 /* Pods-CGExtensions-CGExtensions_Example_iOS.release.xcconfig */ = {isa = PBXFileReference; includeInIndex = 1; lastKnownFileType = text.xcconfig; name = "Pods-CGExtensions-CGExtensions_Example_iOS.release.xcconfig"; path = "Pods/Target Support Files/Pods-CGExtensions-CGExtensions_Example_iOS/Pods-CGExtensions-CGExtensions_Example_iOS.release.xcconfig"; sourceTree = "<group>"; };
		46D2C3627005069B5D8DBE2E /* LICENSE */ = {isa = PBXFileReference; includeInIndex = 1; lastKnownFileType = text; name = LICENSE; path = ../LICENSE; sourceTree = "<group>"; };
		4B271D848D1B20EA6CA3AF45 /* Pods-CGExtensions_Tests_iOS.debug.xcconfig */ = {isa = PBXFileReference; includeInIndex = 1; lastKnownFileType = text.xcconfig; name = "Pods-CGExtensions_Tests_iOS.debug.xcconfig"; path = "Pods/Target Support Files/Pods-CGExtensions_Tests_iOS/Pods-CGExtensions_Tests_iOS.debug.xcconfig"; sourceTree = "<group>"; };
		4E4DAE0D6389FE46A67AA644 /* Pods-CGExtensions_Tests_iOS.release.xcconfig */ = {isa = PBXFileReference; includeInIndex = 1; lastKnownFileType = text.xcconfig; name = "Pods-CGExtensions_Tests_iOS.release.xcconfig"; path = "Pods/Target Support Files/Pods-CGExtensions_Tests_iOS/Pods-CGExtensions_Tests_iOS.release.xcconfig"; sourceTree = "<group>"; };
		607FACD01AFB9204008FA782 /* CGExtensions_Example_iOS.app */ = {isa = PBXFileReference; explicitFileType = wrapper.application; includeInIndex = 0; path = CGExtensions_Example_iOS.app; sourceTree = BUILT_PRODUCTS_DIR; };
		607FACE51AFB9204008FA782 /* CGExtensions_Tests_iOS.xctest */ = {isa = PBXFileReference; explicitFileType = wrapper.cfbundle; includeInIndex = 0; path = CGExtensions_Tests_iOS.xctest; sourceTree = BUILT_PRODUCTS_DIR; };
		607FACEB1AFB9204008FA782 /* Tests.swift */ = {isa = PBXFileReference; lastKnownFileType = sourcecode.swift; path = Tests.swift; sourceTree = "<group>"; };
		6FD22801835FF01DBA438748 /* Pods-CGExtensions_Tests_macOS.release.xcconfig */ = {isa = PBXFileReference; includeInIndex = 1; lastKnownFileType = text.xcconfig; name = "Pods-CGExtensions_Tests_macOS.release.xcconfig"; path = "Pods/Target Support Files/Pods-CGExtensions_Tests_macOS/Pods-CGExtensions_Tests_macOS.release.xcconfig"; sourceTree = "<group>"; };
		782B26E31F86D4F182C1B872 /* Pods_CGExtensions_CGExtensions_Example_iOS.framework */ = {isa = PBXFileReference; explicitFileType = wrapper.framework; includeInIndex = 0; path = Pods_CGExtensions_CGExtensions_Example_iOS.framework; sourceTree = BUILT_PRODUCTS_DIR; };
		7CDABE572F90D81F86C014B4 /* README.md */ = {isa = PBXFileReference; includeInIndex = 1; lastKnownFileType = net.daringfireball.markdown; name = README.md; path = ../README.md; sourceTree = "<group>"; };
		7CFDB4BA15ECFE0D963FABC5 /* Pods-CGExtensions_Example_iOS.release.xcconfig */ = {isa = PBXFileReference; includeInIndex = 1; lastKnownFileType = text.xcconfig; name = "Pods-CGExtensions_Example_iOS.release.xcconfig"; path = "Pods/Target Support Files/Pods-CGExtensions_Example_iOS/Pods-CGExtensions_Example_iOS.release.xcconfig"; sourceTree = "<group>"; };
		8A9A8E570CC2FD2082ACB257 /* Pods_CGExtensions_Example.framework */ = {isa = PBXFileReference; explicitFileType = wrapper.framework; includeInIndex = 0; path = Pods_CGExtensions_Example.framework; sourceTree = BUILT_PRODUCTS_DIR; };
		8FE2C1C5C7D911AAD1611C4A /* Pods_CGExtensions_CGExtensions_Example_macOS.framework */ = {isa = PBXFileReference; explicitFileType = wrapper.framework; includeInIndex = 0; path = Pods_CGExtensions_CGExtensions_Example_macOS.framework; sourceTree = BUILT_PRODUCTS_DIR; };
		907BB5E9CE9C0719E441E4FE /* Pods_CGExtensions_Tests_macOS.framework */ = {isa = PBXFileReference; explicitFileType = wrapper.framework; includeInIndex = 0; path = Pods_CGExtensions_Tests_macOS.framework; sourceTree = BUILT_PRODUCTS_DIR; };
		966B4738B30DBD5D70F0F032 /* Pods-CGExtensions-CGExtensions_Example_macOS.release.xcconfig */ = {isa = PBXFileReference; includeInIndex = 1; lastKnownFileType = text.xcconfig; name = "Pods-CGExtensions-CGExtensions_Example_macOS.release.xcconfig"; path = "Pods/Target Support Files/Pods-CGExtensions-CGExtensions_Example_macOS/Pods-CGExtensions-CGExtensions_Example_macOS.release.xcconfig"; sourceTree = "<group>"; };
		9E4977592B6337507C42BA42 /* Pods-CGExtensions_Example.release.xcconfig */ = {isa = PBXFileReference; includeInIndex = 1; lastKnownFileType = text.xcconfig; name = "Pods-CGExtensions_Example.release.xcconfig"; path = "Pods/Target Support Files/Pods-CGExtensions_Example/Pods-CGExtensions_Example.release.xcconfig"; sourceTree = "<group>"; };
		D8E913D685031775E36E2CA5 /* Pods-CGExtensions_Example_iOS.debug.xcconfig */ = {isa = PBXFileReference; includeInIndex = 1; lastKnownFileType = text.xcconfig; name = "Pods-CGExtensions_Example_iOS.debug.xcconfig"; path = "Pods/Target Support Files/Pods-CGExtensions_Example_iOS/Pods-CGExtensions_Example_iOS.debug.xcconfig"; sourceTree = "<group>"; };
		DD43E0A893EB658FC922047D /* Pods-CGExtensions_Tests_macOS.debug.xcconfig */ = {isa = PBXFileReference; includeInIndex = 1; lastKnownFileType = text.xcconfig; name = "Pods-CGExtensions_Tests_macOS.debug.xcconfig"; path = "Pods/Target Support Files/Pods-CGExtensions_Tests_macOS/Pods-CGExtensions_Tests_macOS.debug.xcconfig"; sourceTree = "<group>"; };
		E08E482CE86CD088B11FE6F7 /* Pods-CGExtensions-CGExtensions_Example_iOS.debug.xcconfig */ = {isa = PBXFileReference; includeInIndex = 1; lastKnownFileType = text.xcconfig; name = "Pods-CGExtensions-CGExtensions_Example_iOS.debug.xcconfig"; path = "Pods/Target Support Files/Pods-CGExtensions-CGExtensions_Example_iOS/Pods-CGExtensions-CGExtensions_Example_iOS.debug.xcconfig"; sourceTree = "<group>"; };
		EB5FEB35B67015A5C2976EA7 /* Pods_CGExtensions_Example_iOS.framework */ = {isa = PBXFileReference; explicitFileType = wrapper.framework; includeInIndex = 0; path = Pods_CGExtensions_Example_iOS.framework; sourceTree = BUILT_PRODUCTS_DIR; };
		ECCB43215669D27CA4693399 /* Pods-CGExtensions-CGExtensions_Example_macOS.debug.xcconfig */ = {isa = PBXFileReference; includeInIndex = 1; lastKnownFileType = text.xcconfig; name = "Pods-CGExtensions-CGExtensions_Example_macOS.debug.xcconfig"; path = "Pods/Target Support Files/Pods-CGExtensions-CGExtensions_Example_macOS/Pods-CGExtensions-CGExtensions_Example_macOS.debug.xcconfig"; sourceTree = "<group>"; };
/* End PBXFileReference section */

/* Begin PBXFrameworksBuildPhase section */
		009629611E1EAF3900DDA0AF /* Frameworks */ = {
			isa = PBXFrameworksBuildPhase;
			buildActionMask = 2147483647;
			files = (
				DBA18ED0FB6610693D9D8477 /* Pods_CGExtensions_CGExtensions_Example_macOS.framework in Frameworks */,
			);
			runOnlyForDeploymentPostprocessing = 0;
		};
		009629711E1EAF3900DDA0AF /* Frameworks */ = {
			isa = PBXFrameworksBuildPhase;
			buildActionMask = 2147483647;
			files = (
				3ACC45D311EBE59983F3E375 /* Pods_CGExtensions_Tests_macOS.framework in Frameworks */,
			);
			runOnlyForDeploymentPostprocessing = 0;
		};
		607FACCD1AFB9204008FA782 /* Frameworks */ = {
			isa = PBXFrameworksBuildPhase;
			buildActionMask = 2147483647;
			files = (
				2C66D5F83365ADF16C99AF82 /* Pods_CGExtensions_CGExtensions_Example_iOS.framework in Frameworks */,
			);
			runOnlyForDeploymentPostprocessing = 0;
		};
		607FACE21AFB9204008FA782 /* Frameworks */ = {
			isa = PBXFrameworksBuildPhase;
			buildActionMask = 2147483647;
			files = (
				5A44894446E27FB049343ABE /* Pods_CGExtensions_Tests_iOS.framework in Frameworks */,
			);
			runOnlyForDeploymentPostprocessing = 0;
		};
/* End PBXFrameworksBuildPhase section */

/* Begin PBXGroup section */
		009629651E1EAF3900DDA0AF /* Example for macOS */ = {
			isa = PBXGroup;
			children = (
				009629AF1E1EB91900DDA0AF /* Main */,
				009629B01E1EB92500DDA0AF /* UI */,
			);
			name = "Example for macOS";
			path = CGExtensions_Example_macOS;
			sourceTree = "<group>";
		};
		009629771E1EAF3900DDA0AF /* macOS */ = {
			isa = PBXGroup;
			children = (
				009629941E1EB6F800DDA0AF /* Info.plist */,
			);
			name = macOS;
			path = ../CGExtensions_Example_macOSTests;
			sourceTree = "<group>";
		};
		009629A21E1EB7CB00DDA0AF /* UI */ = {
			isa = PBXGroup;
			children = (
				0096299E1E1EB7C600DDA0AF /* Main.storyboard */,
				009629971E1EB79200DDA0AF /* ViewController.swift */,
				009629961E1EB79200DDA0AF /* Images.xcassets */,
			);
			name = UI;
			sourceTree = "<group>";
		};
		009629A31E1EB7D900DDA0AF /* Main */ = {
			isa = PBXGroup;
			children = (
				009629951E1EB79200DDA0AF /* AppDelegate.swift */,
				0096299C1E1EB7C600DDA0AF /* LaunchScreen.xib */,
				0096299B1E1EB7A500DDA0AF /* Info.plist */,
			);
			name = Main;
			sourceTree = "<group>";
		};
		009629AF1E1EB91900DDA0AF /* Main */ = {
			isa = PBXGroup;
			children = (
				009629A41E1EB8E900DDA0AF /* AppDelegate.swift */,
				009629AA1E1EB8F500DDA0AF /* Info.plist */,
			);
			name = Main;
			sourceTree = "<group>";
		};
		009629B01E1EB92500DDA0AF /* UI */ = {
			isa = PBXGroup;
			children = (
				009629AC1E1EB91400DDA0AF /* Main.storyboard */,
				009629A61E1EB8E900DDA0AF /* ViewController.swift */,
				009629A51E1EB8E900DDA0AF /* Assets.xcassets */,
			);
			name = UI;
			sourceTree = "<group>";
		};
		35E0149173B637204A1C2123 /* Frameworks */ = {
			isa = PBXGroup;
			children = (
				8A9A8E570CC2FD2082ACB257 /* Pods_CGExtensions_Example.framework */,
				28C70B9F955410617D7FCF32 /* Pods_CGExtensions_Tests.framework */,
				EB5FEB35B67015A5C2976EA7 /* Pods_CGExtensions_Example_iOS.framework */,
				2DC10956587B2903C04A306A /* Pods_CGExtensions_Tests_iOS.framework */,
				782B26E31F86D4F182C1B872 /* Pods_CGExtensions_CGExtensions_Example_iOS.framework */,
				8FE2C1C5C7D911AAD1611C4A /* Pods_CGExtensions_CGExtensions_Example_macOS.framework */,
				907BB5E9CE9C0719E441E4FE /* Pods_CGExtensions_Tests_macOS.framework */,
			);
			name = Frameworks;
			sourceTree = "<group>";
		};
		607FACC71AFB9204008FA782 = {
			isa = PBXGroup;
			children = (
				607FACF51AFB993E008FA782 /* Podspec Metadata */,
				607FACD21AFB9204008FA782 /* Example for iOS */,
				009629651E1EAF3900DDA0AF /* Example for macOS */,
				607FACE81AFB9204008FA782 /* Tests */,
				607FACD11AFB9204008FA782 /* Products */,
				BACE175B7B5DEEA2B28D1020 /* Pods */,
				35E0149173B637204A1C2123 /* Frameworks */,
			);
			sourceTree = "<group>";
		};
		607FACD11AFB9204008FA782 /* Products */ = {
			isa = PBXGroup;
			children = (
				607FACD01AFB9204008FA782 /* CGExtensions_Example_iOS.app */,
				607FACE51AFB9204008FA782 /* CGExtensions_Tests_iOS.xctest */,
				009629641E1EAF3900DDA0AF /* CGExtensions_Example_macOS.app */,
				009629741E1EAF3900DDA0AF /* CGExtensions_Tests_macOS.xctest */,
			);
			name = Products;
			sourceTree = "<group>";
		};
		607FACD21AFB9204008FA782 /* Example for iOS */ = {
			isa = PBXGroup;
			children = (
				009629A31E1EB7D900DDA0AF /* Main */,
				009629A21E1EB7CB00DDA0AF /* UI */,
			);
			name = "Example for iOS";
			path = CGExtensions;
			sourceTree = "<group>";
		};
		607FACE81AFB9204008FA782 /* Tests */ = {
			isa = PBXGroup;
			children = (
				607FACEB1AFB9204008FA782 /* Tests.swift */,
				0068F8C81E1F572C006627E1 /* FloatingPointExtensionsSpec.swift */,
				009629B11E1ECA2800DDA0AF /* CGPointExtensionsSpec.swift */,
				00603AE01E217C0B00FCB834 /* CGVectorExtensionsSpec.swift */,
				0068F8CB1E20332E006627E1 /* CGSizeExtensionsSpec.swift */,
				009629B41E1ECE7C00DDA0AF /* OperatorsSpec.swift */,
				607FACE91AFB9204008FA782 /* iOS */,
				009629771E1EAF3900DDA0AF /* macOS */,
			);
			path = Tests;
			sourceTree = "<group>";
		};
		607FACE91AFB9204008FA782 /* iOS */ = {
			isa = PBXGroup;
			children = (
				009629931E1EB6E500DDA0AF /* Info.plist */,
			);
			name = iOS;
			sourceTree = "<group>";
		};
		607FACF51AFB993E008FA782 /* Podspec Metadata */ = {
			isa = PBXGroup;
			children = (
				0EF8D56E9878263000B86B4A /* CGExtensions.podspec */,
				7CDABE572F90D81F86C014B4 /* README.md */,
				46D2C3627005069B5D8DBE2E /* LICENSE */,
			);
			name = "Podspec Metadata";
			sourceTree = "<group>";
		};
		BACE175B7B5DEEA2B28D1020 /* Pods */ = {
			isa = PBXGroup;
			children = (
				2B4ED617327908990093360D /* Pods-CGExtensions_Example.debug.xcconfig */,
				9E4977592B6337507C42BA42 /* Pods-CGExtensions_Example.release.xcconfig */,
				0A6D90F1F5CBE80435ABED6A /* Pods-CGExtensions_Tests.debug.xcconfig */,
				204F970D16A89BD5A570C04C /* Pods-CGExtensions_Tests.release.xcconfig */,
				D8E913D685031775E36E2CA5 /* Pods-CGExtensions_Example_iOS.debug.xcconfig */,
				7CFDB4BA15ECFE0D963FABC5 /* Pods-CGExtensions_Example_iOS.release.xcconfig */,
				4B271D848D1B20EA6CA3AF45 /* Pods-CGExtensions_Tests_iOS.debug.xcconfig */,
				4E4DAE0D6389FE46A67AA644 /* Pods-CGExtensions_Tests_iOS.release.xcconfig */,
				E08E482CE86CD088B11FE6F7 /* Pods-CGExtensions-CGExtensions_Example_iOS.debug.xcconfig */,
				444601277CBE026FF61565D5 /* Pods-CGExtensions-CGExtensions_Example_iOS.release.xcconfig */,
				ECCB43215669D27CA4693399 /* Pods-CGExtensions-CGExtensions_Example_macOS.debug.xcconfig */,
				966B4738B30DBD5D70F0F032 /* Pods-CGExtensions-CGExtensions_Example_macOS.release.xcconfig */,
				DD43E0A893EB658FC922047D /* Pods-CGExtensions_Tests_macOS.debug.xcconfig */,
				6FD22801835FF01DBA438748 /* Pods-CGExtensions_Tests_macOS.release.xcconfig */,
			);
			name = Pods;
			sourceTree = "<group>";
		};
/* End PBXGroup section */

/* Begin PBXNativeTarget section */
		009629631E1EAF3900DDA0AF /* CGExtensions_Example_macOS */ = {
			isa = PBXNativeTarget;
			buildConfigurationList = 0096297B1E1EAF3900DDA0AF /* Build configuration list for PBXNativeTarget "CGExtensions_Example_macOS" */;
			buildPhases = (
				C90B81AB1131AE2086B96484 /* [CP] Check Pods Manifest.lock */,
				009629601E1EAF3900DDA0AF /* Sources */,
				009629611E1EAF3900DDA0AF /* Frameworks */,
				009629621E1EAF3900DDA0AF /* Resources */,
				0B3A38F9896628DA2B6FD3B4 /* [CP] Embed Pods Frameworks */,
				FA7815C1EF581A0736F21E11 /* [CP] Copy Pods Resources */,
			);
			buildRules = (
			);
			dependencies = (
			);
			name = CGExtensions_Example_macOS;
			productName = CGExtensions_Example_macOS;
			productReference = 009629641E1EAF3900DDA0AF /* CGExtensions_Example_macOS.app */;
			productType = "com.apple.product-type.application";
		};
		009629731E1EAF3900DDA0AF /* CGExtensions_Tests_macOS */ = {
			isa = PBXNativeTarget;
			buildConfigurationList = 0096297E1E1EAF3900DDA0AF /* Build configuration list for PBXNativeTarget "CGExtensions_Tests_macOS" */;
			buildPhases = (
				92B56EBF200444E2451DF0D4 /* [CP] Check Pods Manifest.lock */,
				009629701E1EAF3900DDA0AF /* Sources */,
				009629711E1EAF3900DDA0AF /* Frameworks */,
				009629721E1EAF3900DDA0AF /* Resources */,
				3E3167A0810B96C71AB95CFE /* [CP] Embed Pods Frameworks */,
				7EB465A5597DFC97CC1B53DF /* [CP] Copy Pods Resources */,
			);
			buildRules = (
			);
			dependencies = (
				009629761E1EAF3900DDA0AF /* PBXTargetDependency */,
			);
			name = CGExtensions_Tests_macOS;
			productName = CGExtensions_Example_macOSTests;
			productReference = 009629741E1EAF3900DDA0AF /* CGExtensions_Tests_macOS.xctest */;
			productType = "com.apple.product-type.bundle.unit-test";
		};
		607FACCF1AFB9204008FA782 /* CGExtensions_Example_iOS */ = {
			isa = PBXNativeTarget;
			buildConfigurationList = 607FACEF1AFB9204008FA782 /* Build configuration list for PBXNativeTarget "CGExtensions_Example_iOS" */;
			buildPhases = (
				E2A1E67EB0A40B45DA75AE1A /* [CP] Check Pods Manifest.lock */,
				607FACCC1AFB9204008FA782 /* Sources */,
				607FACCD1AFB9204008FA782 /* Frameworks */,
				607FACCE1AFB9204008FA782 /* Resources */,
				07E080E0A2EC9DD0A52660E5 /* [CP] Embed Pods Frameworks */,
				3028578DEF97F39612BD5115 /* [CP] Copy Pods Resources */,
			);
			buildRules = (
			);
			dependencies = (
			);
			name = CGExtensions_Example_iOS;
			productName = CGExtensions;
			productReference = 607FACD01AFB9204008FA782 /* CGExtensions_Example_iOS.app */;
			productType = "com.apple.product-type.application";
		};
		607FACE41AFB9204008FA782 /* CGExtensions_Tests_iOS */ = {
			isa = PBXNativeTarget;
			buildConfigurationList = 607FACF21AFB9204008FA782 /* Build configuration list for PBXNativeTarget "CGExtensions_Tests_iOS" */;
			buildPhases = (
				0FD4E8951419BA01FF6F82E5 /* [CP] Check Pods Manifest.lock */,
				607FACE11AFB9204008FA782 /* Sources */,
				607FACE21AFB9204008FA782 /* Frameworks */,
				607FACE31AFB9204008FA782 /* Resources */,
				BA4F9A20ADF31DC087BF885A /* [CP] Embed Pods Frameworks */,
				903907CF708E0F67343CEE7D /* [CP] Copy Pods Resources */,
			);
			buildRules = (
			);
			dependencies = (
				607FACE71AFB9204008FA782 /* PBXTargetDependency */,
			);
			name = CGExtensions_Tests_iOS;
			productName = Tests;
			productReference = 607FACE51AFB9204008FA782 /* CGExtensions_Tests_iOS.xctest */;
			productType = "com.apple.product-type.bundle.unit-test";
		};
/* End PBXNativeTarget section */

/* Begin PBXProject section */
		607FACC81AFB9204008FA782 /* Project object */ = {
			isa = PBXProject;
			attributes = {
				LastSwiftUpdateCheck = 0820;
				LastUpgradeCheck = 0820;
				ORGANIZATIONNAME = CocoaPods;
				TargetAttributes = {
					009629631E1EAF3900DDA0AF = {
						CreatedOnToolsVersion = 8.2.1;
						ProvisioningStyle = Automatic;
					};
					009629731E1EAF3900DDA0AF = {
						CreatedOnToolsVersion = 8.2.1;
						ProvisioningStyle = Automatic;
						TestTargetID = 009629631E1EAF3900DDA0AF;
					};
					607FACCF1AFB9204008FA782 = {
						CreatedOnToolsVersion = 6.3.1;
						LastSwiftMigration = 0820;
					};
					607FACE41AFB9204008FA782 = {
						CreatedOnToolsVersion = 6.3.1;
						LastSwiftMigration = 0820;
						TestTargetID = 607FACCF1AFB9204008FA782;
					};
				};
			};
			buildConfigurationList = 607FACCB1AFB9204008FA782 /* Build configuration list for PBXProject "CGExtensions" */;
			compatibilityVersion = "Xcode 3.2";
			developmentRegion = English;
			hasScannedForEncodings = 0;
			knownRegions = (
				en,
				Base,
			);
			mainGroup = 607FACC71AFB9204008FA782;
			productRefGroup = 607FACD11AFB9204008FA782 /* Products */;
			projectDirPath = "";
			projectRoot = "";
			targets = (
				607FACCF1AFB9204008FA782 /* CGExtensions_Example_iOS */,
				607FACE41AFB9204008FA782 /* CGExtensions_Tests_iOS */,
				009629631E1EAF3900DDA0AF /* CGExtensions_Example_macOS */,
				009629731E1EAF3900DDA0AF /* CGExtensions_Tests_macOS */,
			);
		};
/* End PBXProject section */

/* Begin PBXResourcesBuildPhase section */
		009629621E1EAF3900DDA0AF /* Resources */ = {
			isa = PBXResourcesBuildPhase;
			buildActionMask = 2147483647;
			files = (
				009629AE1E1EB91400DDA0AF /* Main.storyboard in Resources */,
				009629A81E1EB8E900DDA0AF /* Assets.xcassets in Resources */,
			);
			runOnlyForDeploymentPostprocessing = 0;
		};
		009629721E1EAF3900DDA0AF /* Resources */ = {
			isa = PBXResourcesBuildPhase;
			buildActionMask = 2147483647;
			files = (
			);
			runOnlyForDeploymentPostprocessing = 0;
		};
		607FACCE1AFB9204008FA782 /* Resources */ = {
			isa = PBXResourcesBuildPhase;
			buildActionMask = 2147483647;
			files = (
				009629A11E1EB7C600DDA0AF /* Main.storyboard in Resources */,
				009629A01E1EB7C600DDA0AF /* LaunchScreen.xib in Resources */,
				009629991E1EB79200DDA0AF /* Images.xcassets in Resources */,
			);
			runOnlyForDeploymentPostprocessing = 0;
		};
		607FACE31AFB9204008FA782 /* Resources */ = {
			isa = PBXResourcesBuildPhase;
			buildActionMask = 2147483647;
			files = (
			);
			runOnlyForDeploymentPostprocessing = 0;
		};
/* End PBXResourcesBuildPhase section */

/* Begin PBXShellScriptBuildPhase section */
		07E080E0A2EC9DD0A52660E5 /* [CP] Embed Pods Frameworks */ = {
			isa = PBXShellScriptBuildPhase;
			buildActionMask = 2147483647;
			files = (
			);
			inputPaths = (
			);
			name = "[CP] Embed Pods Frameworks";
			outputPaths = (
			);
			runOnlyForDeploymentPostprocessing = 0;
			shellPath = /bin/sh;
			shellScript = "\"${SRCROOT}/Pods/Target Support Files/Pods-CGExtensions-CGExtensions_Example_iOS/Pods-CGExtensions-CGExtensions_Example_iOS-frameworks.sh\"\n";
			showEnvVarsInLog = 0;
		};
		0B3A38F9896628DA2B6FD3B4 /* [CP] Embed Pods Frameworks */ = {
			isa = PBXShellScriptBuildPhase;
			buildActionMask = 2147483647;
			files = (
			);
			inputPaths = (
			);
			name = "[CP] Embed Pods Frameworks";
			outputPaths = (
			);
			runOnlyForDeploymentPostprocessing = 0;
			shellPath = /bin/sh;
			shellScript = "\"${SRCROOT}/Pods/Target Support Files/Pods-CGExtensions-CGExtensions_Example_macOS/Pods-CGExtensions-CGExtensions_Example_macOS-frameworks.sh\"\n";
			showEnvVarsInLog = 0;
		};
		0FD4E8951419BA01FF6F82E5 /* [CP] Check Pods Manifest.lock */ = {
			isa = PBXShellScriptBuildPhase;
			buildActionMask = 2147483647;
			files = (
			);
			inputPaths = (
			);
			name = "[CP] Check Pods Manifest.lock";
			outputPaths = (
			);
			runOnlyForDeploymentPostprocessing = 0;
			shellPath = /bin/sh;
			shellScript = "diff \"${PODS_ROOT}/../Podfile.lock\" \"${PODS_ROOT}/Manifest.lock\" > /dev/null\nif [ $? != 0 ] ; then\n    # print error to STDERR\n    echo \"error: The sandbox is not in sync with the Podfile.lock. Run 'pod install' or update your CocoaPods installation.\" >&2\n    exit 1\nfi\n";
			showEnvVarsInLog = 0;
		};
		3028578DEF97F39612BD5115 /* [CP] Copy Pods Resources */ = {
			isa = PBXShellScriptBuildPhase;
			buildActionMask = 2147483647;
			files = (
			);
			inputPaths = (
			);
			name = "[CP] Copy Pods Resources";
			outputPaths = (
			);
			runOnlyForDeploymentPostprocessing = 0;
			shellPath = /bin/sh;
			shellScript = "\"${SRCROOT}/Pods/Target Support Files/Pods-CGExtensions-CGExtensions_Example_iOS/Pods-CGExtensions-CGExtensions_Example_iOS-resources.sh\"\n";
			showEnvVarsInLog = 0;
		};
		3E3167A0810B96C71AB95CFE /* [CP] Embed Pods Frameworks */ = {
			isa = PBXShellScriptBuildPhase;
			buildActionMask = 2147483647;
			files = (
			);
			inputPaths = (
			);
			name = "[CP] Embed Pods Frameworks";
			outputPaths = (
			);
			runOnlyForDeploymentPostprocessing = 0;
			shellPath = /bin/sh;
			shellScript = "\"${SRCROOT}/Pods/Target Support Files/Pods-CGExtensions_Tests_macOS/Pods-CGExtensions_Tests_macOS-frameworks.sh\"\n";
			showEnvVarsInLog = 0;
		};
		7EB465A5597DFC97CC1B53DF /* [CP] Copy Pods Resources */ = {
			isa = PBXShellScriptBuildPhase;
			buildActionMask = 2147483647;
			files = (
			);
			inputPaths = (
			);
			name = "[CP] Copy Pods Resources";
			outputPaths = (
			);
			runOnlyForDeploymentPostprocessing = 0;
			shellPath = /bin/sh;
			shellScript = "\"${SRCROOT}/Pods/Target Support Files/Pods-CGExtensions_Tests_macOS/Pods-CGExtensions_Tests_macOS-resources.sh\"\n";
			showEnvVarsInLog = 0;
		};
		903907CF708E0F67343CEE7D /* [CP] Copy Pods Resources */ = {
			isa = PBXShellScriptBuildPhase;
			buildActionMask = 2147483647;
			files = (
			);
			inputPaths = (
			);
			name = "[CP] Copy Pods Resources";
			outputPaths = (
			);
			runOnlyForDeploymentPostprocessing = 0;
			shellPath = /bin/sh;
			shellScript = "\"${SRCROOT}/Pods/Target Support Files/Pods-CGExtensions_Tests_iOS/Pods-CGExtensions_Tests_iOS-resources.sh\"\n";
			showEnvVarsInLog = 0;
		};
		92B56EBF200444E2451DF0D4 /* [CP] Check Pods Manifest.lock */ = {
			isa = PBXShellScriptBuildPhase;
			buildActionMask = 2147483647;
			files = (
			);
			inputPaths = (
			);
			name = "[CP] Check Pods Manifest.lock";
			outputPaths = (
			);
			runOnlyForDeploymentPostprocessing = 0;
			shellPath = /bin/sh;
			shellScript = "diff \"${PODS_ROOT}/../Podfile.lock\" \"${PODS_ROOT}/Manifest.lock\" > /dev/null\nif [ $? != 0 ] ; then\n    # print error to STDERR\n    echo \"error: The sandbox is not in sync with the Podfile.lock. Run 'pod install' or update your CocoaPods installation.\" >&2\n    exit 1\nfi\n";
			showEnvVarsInLog = 0;
		};
		BA4F9A20ADF31DC087BF885A /* [CP] Embed Pods Frameworks */ = {
			isa = PBXShellScriptBuildPhase;
			buildActionMask = 2147483647;
			files = (
			);
			inputPaths = (
			);
			name = "[CP] Embed Pods Frameworks";
			outputPaths = (
			);
			runOnlyForDeploymentPostprocessing = 0;
			shellPath = /bin/sh;
			shellScript = "\"${SRCROOT}/Pods/Target Support Files/Pods-CGExtensions_Tests_iOS/Pods-CGExtensions_Tests_iOS-frameworks.sh\"\n";
			showEnvVarsInLog = 0;
		};
		C90B81AB1131AE2086B96484 /* [CP] Check Pods Manifest.lock */ = {
			isa = PBXShellScriptBuildPhase;
			buildActionMask = 2147483647;
			files = (
			);
			inputPaths = (
			);
			name = "[CP] Check Pods Manifest.lock";
			outputPaths = (
			);
			runOnlyForDeploymentPostprocessing = 0;
			shellPath = /bin/sh;
			shellScript = "diff \"${PODS_ROOT}/../Podfile.lock\" \"${PODS_ROOT}/Manifest.lock\" > /dev/null\nif [ $? != 0 ] ; then\n    # print error to STDERR\n    echo \"error: The sandbox is not in sync with the Podfile.lock. Run 'pod install' or update your CocoaPods installation.\" >&2\n    exit 1\nfi\n";
			showEnvVarsInLog = 0;
		};
		E2A1E67EB0A40B45DA75AE1A /* [CP] Check Pods Manifest.lock */ = {
			isa = PBXShellScriptBuildPhase;
			buildActionMask = 2147483647;
			files = (
			);
			inputPaths = (
			);
			name = "[CP] Check Pods Manifest.lock";
			outputPaths = (
			);
			runOnlyForDeploymentPostprocessing = 0;
			shellPath = /bin/sh;
			shellScript = "diff \"${PODS_ROOT}/../Podfile.lock\" \"${PODS_ROOT}/Manifest.lock\" > /dev/null\nif [ $? != 0 ] ; then\n    # print error to STDERR\n    echo \"error: The sandbox is not in sync with the Podfile.lock. Run 'pod install' or update your CocoaPods installation.\" >&2\n    exit 1\nfi\n";
			showEnvVarsInLog = 0;
		};
		FA7815C1EF581A0736F21E11 /* [CP] Copy Pods Resources */ = {
			isa = PBXShellScriptBuildPhase;
			buildActionMask = 2147483647;
			files = (
			);
			inputPaths = (
			);
			name = "[CP] Copy Pods Resources";
			outputPaths = (
			);
			runOnlyForDeploymentPostprocessing = 0;
			shellPath = /bin/sh;
			shellScript = "\"${SRCROOT}/Pods/Target Support Files/Pods-CGExtensions-CGExtensions_Example_macOS/Pods-CGExtensions-CGExtensions_Example_macOS-resources.sh\"\n";
			showEnvVarsInLog = 0;
		};
/* End PBXShellScriptBuildPhase section */

/* Begin PBXSourcesBuildPhase section */
		009629601E1EAF3900DDA0AF /* Sources */ = {
			isa = PBXSourcesBuildPhase;
			buildActionMask = 2147483647;
			files = (
				009629A71E1EB8E900DDA0AF /* AppDelegate.swift in Sources */,
				009629A91E1EB8E900DDA0AF /* ViewController.swift in Sources */,
			);
			runOnlyForDeploymentPostprocessing = 0;
		};
		009629701E1EAF3900DDA0AF /* Sources */ = {
			isa = PBXSourcesBuildPhase;
			buildActionMask = 2147483647;
			files = (
				009629921E1EB6AA00DDA0AF /* Tests.swift in Sources */,
				00603AE21E217C0B00FCB834 /* CGVectorExtensionsSpec.swift in Sources */,
				009629B61E1ECE7C00DDA0AF /* OperatorsSpec.swift in Sources */,
				0068F8CD1E20332E006627E1 /* CGSizeExtensionsSpec.swift in Sources */,
				009629B31E1ECA2800DDA0AF /* CGPointExtensionsSpec.swift in Sources */,
				0068F8CA1E1F572C006627E1 /* FloatingPointExtensionsSpec.swift in Sources */,
			);
			runOnlyForDeploymentPostprocessing = 0;
		};
		607FACCC1AFB9204008FA782 /* Sources */ = {
			isa = PBXSourcesBuildPhase;
			buildActionMask = 2147483647;
			files = (
				009629981E1EB79200DDA0AF /* AppDelegate.swift in Sources */,
				0096299A1E1EB79200DDA0AF /* ViewController.swift in Sources */,
			);
			runOnlyForDeploymentPostprocessing = 0;
		};
		607FACE11AFB9204008FA782 /* Sources */ = {
			isa = PBXSourcesBuildPhase;
			buildActionMask = 2147483647;
			files = (
				607FACEC1AFB9204008FA782 /* Tests.swift in Sources */,
				00603AE11E217C0B00FCB834 /* CGVectorExtensionsSpec.swift in Sources */,
				009629B51E1ECE7C00DDA0AF /* OperatorsSpec.swift in Sources */,
				0068F8CC1E20332E006627E1 /* CGSizeExtensionsSpec.swift in Sources */,
				009629B21E1ECA2800DDA0AF /* CGPointExtensionsSpec.swift in Sources */,
				0068F8C91E1F572C006627E1 /* FloatingPointExtensionsSpec.swift in Sources */,
			);
			runOnlyForDeploymentPostprocessing = 0;
		};
/* End PBXSourcesBuildPhase section */

/* Begin PBXTargetDependency section */
		009629761E1EAF3900DDA0AF /* PBXTargetDependency */ = {
			isa = PBXTargetDependency;
			target = 009629631E1EAF3900DDA0AF /* CGExtensions_Example_macOS */;
			targetProxy = 009629751E1EAF3900DDA0AF /* PBXContainerItemProxy */;
		};
		607FACE71AFB9204008FA782 /* PBXTargetDependency */ = {
			isa = PBXTargetDependency;
			target = 607FACCF1AFB9204008FA782 /* CGExtensions_Example_iOS */;
			targetProxy = 607FACE61AFB9204008FA782 /* PBXContainerItemProxy */;
		};
/* End PBXTargetDependency section */

/* Begin PBXVariantGroup section */
		0096299C1E1EB7C600DDA0AF /* LaunchScreen.xib */ = {
			isa = PBXVariantGroup;
			children = (
				0096299D1E1EB7C600DDA0AF /* Base */,
			);
			name = LaunchScreen.xib;
			sourceTree = "<group>";
		};
		0096299E1E1EB7C600DDA0AF /* Main.storyboard */ = {
			isa = PBXVariantGroup;
			children = (
				0096299F1E1EB7C600DDA0AF /* Base */,
			);
			name = Main.storyboard;
			sourceTree = "<group>";
		};
		009629AC1E1EB91400DDA0AF /* Main.storyboard */ = {
			isa = PBXVariantGroup;
			children = (
				009629AD1E1EB91400DDA0AF /* Base */,
			);
			name = Main.storyboard;
			sourceTree = "<group>";
		};
/* End PBXVariantGroup section */

/* Begin XCBuildConfiguration section */
		0096297C1E1EAF3900DDA0AF /* Debug */ = {
			isa = XCBuildConfiguration;
			baseConfigurationReference = ECCB43215669D27CA4693399 /* Pods-CGExtensions-CGExtensions_Example_macOS.debug.xcconfig */;
			buildSettings = {
				ASSETCATALOG_COMPILER_APPICON_NAME = AppIcon;
				CLANG_ANALYZER_NONNULL = YES;
				CLANG_WARN_DOCUMENTATION_COMMENTS = YES;
				CLANG_WARN_INFINITE_RECURSION = YES;
				CLANG_WARN_SUSPICIOUS_MOVE = YES;
				CODE_SIGN_IDENTITY = "-";
				COMBINE_HIDPI_IMAGES = YES;
				DEBUG_INFORMATION_FORMAT = dwarf;
				INFOPLIST_FILE = Example_macOS/Info.plist;
				LD_RUNPATH_SEARCH_PATHS = "$(inherited) @executable_path/../Frameworks";
				MACOSX_DEPLOYMENT_TARGET = 10.11;
				PRODUCT_BUNDLE_IDENTIFIER = "com.takaiwai.pod.CGExtensions-Example-macOS";
				PRODUCT_NAME = "$(TARGET_NAME)";
				SDKROOT = macosx;
				SWIFT_ACTIVE_COMPILATION_CONDITIONS = DEBUG;
				SWIFT_VERSION = 3.0;
			};
			name = Debug;
		};
		0096297D1E1EAF3900DDA0AF /* Release */ = {
			isa = XCBuildConfiguration;
			baseConfigurationReference = 966B4738B30DBD5D70F0F032 /* Pods-CGExtensions-CGExtensions_Example_macOS.release.xcconfig */;
			buildSettings = {
				ASSETCATALOG_COMPILER_APPICON_NAME = AppIcon;
				CLANG_ANALYZER_NONNULL = YES;
				CLANG_WARN_DOCUMENTATION_COMMENTS = YES;
				CLANG_WARN_INFINITE_RECURSION = YES;
				CLANG_WARN_SUSPICIOUS_MOVE = YES;
				CODE_SIGN_IDENTITY = "-";
				COMBINE_HIDPI_IMAGES = YES;
				INFOPLIST_FILE = Example_macOS/Info.plist;
				LD_RUNPATH_SEARCH_PATHS = "$(inherited) @executable_path/../Frameworks";
				MACOSX_DEPLOYMENT_TARGET = 10.11;
				PRODUCT_BUNDLE_IDENTIFIER = "com.takaiwai.pod.CGExtensions-Example-macOS";
				PRODUCT_NAME = "$(TARGET_NAME)";
				SDKROOT = macosx;
				SWIFT_OPTIMIZATION_LEVEL = "-Owholemodule";
				SWIFT_VERSION = 3.0;
			};
			name = Release;
		};
		0096297F1E1EAF3900DDA0AF /* Debug */ = {
			isa = XCBuildConfiguration;
			baseConfigurationReference = DD43E0A893EB658FC922047D /* Pods-CGExtensions_Tests_macOS.debug.xcconfig */;
			buildSettings = {
				BUNDLE_LOADER = "$(TEST_HOST)";
				CLANG_ANALYZER_NONNULL = YES;
				CLANG_WARN_DOCUMENTATION_COMMENTS = YES;
				CLANG_WARN_INFINITE_RECURSION = YES;
				CLANG_WARN_SUSPICIOUS_MOVE = YES;
				CODE_SIGN_IDENTITY = "-";
				COMBINE_HIDPI_IMAGES = YES;
				DEBUG_INFORMATION_FORMAT = dwarf;
				INFOPLIST_FILE = Tests/macOS/Info.plist;
				LD_RUNPATH_SEARCH_PATHS = "$(inherited) @executable_path/../Frameworks @loader_path/../Frameworks";
				MACOSX_DEPLOYMENT_TARGET = 10.12;
				PRODUCT_BUNDLE_IDENTIFIER = "com.takaiwai.pod.CGExtensions-Example-macOSTests";
				PRODUCT_NAME = "$(TARGET_NAME)";
				SDKROOT = macosx;
				SWIFT_ACTIVE_COMPILATION_CONDITIONS = DEBUG;
				SWIFT_VERSION = 3.0;
				TEST_HOST = "$(BUILT_PRODUCTS_DIR)/CGExtensions_Example_macOS.app/Contents/MacOS/CGExtensions_Example_macOS";
			};
			name = Debug;
		};
		009629801E1EAF3900DDA0AF /* Release */ = {
			isa = XCBuildConfiguration;
			baseConfigurationReference = 6FD22801835FF01DBA438748 /* Pods-CGExtensions_Tests_macOS.release.xcconfig */;
			buildSettings = {
				BUNDLE_LOADER = "$(TEST_HOST)";
				CLANG_ANALYZER_NONNULL = YES;
				CLANG_WARN_DOCUMENTATION_COMMENTS = YES;
				CLANG_WARN_INFINITE_RECURSION = YES;
				CLANG_WARN_SUSPICIOUS_MOVE = YES;
				CODE_SIGN_IDENTITY = "-";
				COMBINE_HIDPI_IMAGES = YES;
				INFOPLIST_FILE = Tests/macOS/Info.plist;
				LD_RUNPATH_SEARCH_PATHS = "$(inherited) @executable_path/../Frameworks @loader_path/../Frameworks";
				MACOSX_DEPLOYMENT_TARGET = 10.12;
				PRODUCT_BUNDLE_IDENTIFIER = "com.takaiwai.pod.CGExtensions-Example-macOSTests";
				PRODUCT_NAME = "$(TARGET_NAME)";
				SDKROOT = macosx;
				SWIFT_OPTIMIZATION_LEVEL = "-Owholemodule";
				SWIFT_VERSION = 3.0;
				TEST_HOST = "$(BUILT_PRODUCTS_DIR)/CGExtensions_Example_macOS.app/Contents/MacOS/CGExtensions_Example_macOS";
			};
			name = Release;
		};
		607FACED1AFB9204008FA782 /* Debug */ = {
			isa = XCBuildConfiguration;
			buildSettings = {
				ALWAYS_SEARCH_USER_PATHS = NO;
				CLANG_CXX_LANGUAGE_STANDARD = "gnu++0x";
				CLANG_CXX_LIBRARY = "libc++";
				CLANG_ENABLE_MODULES = YES;
				CLANG_ENABLE_OBJC_ARC = YES;
				CLANG_WARN_BOOL_CONVERSION = YES;
				CLANG_WARN_CONSTANT_CONVERSION = YES;
				CLANG_WARN_DIRECT_OBJC_ISA_USAGE = YES_ERROR;
				CLANG_WARN_EMPTY_BODY = YES;
				CLANG_WARN_ENUM_CONVERSION = YES;
				CLANG_WARN_INFINITE_RECURSION = YES;
				CLANG_WARN_INT_CONVERSION = YES;
				CLANG_WARN_OBJC_ROOT_CLASS = YES_ERROR;
				CLANG_WARN_SUSPICIOUS_MOVE = YES;
				CLANG_WARN_UNREACHABLE_CODE = YES;
				CLANG_WARN__DUPLICATE_METHOD_MATCH = YES;
				"CODE_SIGN_IDENTITY[sdk=iphoneos*]" = "iPhone Developer";
				COPY_PHASE_STRIP = NO;
				DEBUG_INFORMATION_FORMAT = "dwarf-with-dsym";
				ENABLE_STRICT_OBJC_MSGSEND = YES;
				ENABLE_TESTABILITY = YES;
				GCC_C_LANGUAGE_STANDARD = gnu99;
				GCC_DYNAMIC_NO_PIC = NO;
				GCC_NO_COMMON_BLOCKS = YES;
				GCC_OPTIMIZATION_LEVEL = 0;
				GCC_PREPROCESSOR_DEFINITIONS = (
					"DEBUG=1",
					"$(inherited)",
				);
				GCC_SYMBOLS_PRIVATE_EXTERN = NO;
				GCC_WARN_64_TO_32_BIT_CONVERSION = YES;
				GCC_WARN_ABOUT_RETURN_TYPE = YES_ERROR;
				GCC_WARN_UNDECLARED_SELECTOR = YES;
				GCC_WARN_UNINITIALIZED_AUTOS = YES_AGGRESSIVE;
				GCC_WARN_UNUSED_FUNCTION = YES;
				GCC_WARN_UNUSED_VARIABLE = YES;
				IPHONEOS_DEPLOYMENT_TARGET = 9.0;
				MTL_ENABLE_DEBUG_INFO = YES;
				ONLY_ACTIVE_ARCH = YES;
				SDKROOT = iphoneos;
				SWIFT_OPTIMIZATION_LEVEL = "-Onone";
			};
			name = Debug;
		};
		607FACEE1AFB9204008FA782 /* Release */ = {
			isa = XCBuildConfiguration;
			buildSettings = {
				ALWAYS_SEARCH_USER_PATHS = NO;
				CLANG_CXX_LANGUAGE_STANDARD = "gnu++0x";
				CLANG_CXX_LIBRARY = "libc++";
				CLANG_ENABLE_MODULES = YES;
				CLANG_ENABLE_OBJC_ARC = YES;
				CLANG_WARN_BOOL_CONVERSION = YES;
				CLANG_WARN_CONSTANT_CONVERSION = YES;
				CLANG_WARN_DIRECT_OBJC_ISA_USAGE = YES_ERROR;
				CLANG_WARN_EMPTY_BODY = YES;
				CLANG_WARN_ENUM_CONVERSION = YES;
				CLANG_WARN_INFINITE_RECURSION = YES;
				CLANG_WARN_INT_CONVERSION = YES;
				CLANG_WARN_OBJC_ROOT_CLASS = YES_ERROR;
				CLANG_WARN_SUSPICIOUS_MOVE = YES;
				CLANG_WARN_UNREACHABLE_CODE = YES;
				CLANG_WARN__DUPLICATE_METHOD_MATCH = YES;
				"CODE_SIGN_IDENTITY[sdk=iphoneos*]" = "iPhone Developer";
				COPY_PHASE_STRIP = NO;
				DEBUG_INFORMATION_FORMAT = "dwarf-with-dsym";
				ENABLE_NS_ASSERTIONS = NO;
				ENABLE_STRICT_OBJC_MSGSEND = YES;
				GCC_C_LANGUAGE_STANDARD = gnu99;
				GCC_NO_COMMON_BLOCKS = YES;
				GCC_WARN_64_TO_32_BIT_CONVERSION = YES;
				GCC_WARN_ABOUT_RETURN_TYPE = YES_ERROR;
				GCC_WARN_UNDECLARED_SELECTOR = YES;
				GCC_WARN_UNINITIALIZED_AUTOS = YES_AGGRESSIVE;
				GCC_WARN_UNUSED_FUNCTION = YES;
				GCC_WARN_UNUSED_VARIABLE = YES;
				IPHONEOS_DEPLOYMENT_TARGET = 9.0;
				MTL_ENABLE_DEBUG_INFO = NO;
				SDKROOT = iphoneos;
				SWIFT_OPTIMIZATION_LEVEL = "-Owholemodule";
				VALIDATE_PRODUCT = YES;
			};
			name = Release;
		};
		607FACF01AFB9204008FA782 /* Debug */ = {
			isa = XCBuildConfiguration;
			baseConfigurationReference = E08E482CE86CD088B11FE6F7 /* Pods-CGExtensions-CGExtensions_Example_iOS.debug.xcconfig */;
			buildSettings = {
				ASSETCATALOG_COMPILER_APPICON_NAME = AppIcon;
				INFOPLIST_FILE = Example_iOS/Info.plist;
				IPHONEOS_DEPLOYMENT_TARGET = 9.0;
				LD_RUNPATH_SEARCH_PATHS = "$(inherited) @executable_path/Frameworks";
				MODULE_NAME = ExampleApp;
				PRODUCT_BUNDLE_IDENTIFIER = "org.cocoapods.demo.$(PRODUCT_NAME:rfc1034identifier)";
				PRODUCT_NAME = "$(TARGET_NAME)";
				SWIFT_VERSION = 3.0;
			};
			name = Debug;
		};
		607FACF11AFB9204008FA782 /* Release */ = {
			isa = XCBuildConfiguration;
			baseConfigurationReference = 444601277CBE026FF61565D5 /* Pods-CGExtensions-CGExtensions_Example_iOS.release.xcconfig */;
			buildSettings = {
				ASSETCATALOG_COMPILER_APPICON_NAME = AppIcon;
				INFOPLIST_FILE = Example_iOS/Info.plist;
				IPHONEOS_DEPLOYMENT_TARGET = 9.0;
				LD_RUNPATH_SEARCH_PATHS = "$(inherited) @executable_path/Frameworks";
				MODULE_NAME = ExampleApp;
				PRODUCT_BUNDLE_IDENTIFIER = "org.cocoapods.demo.$(PRODUCT_NAME:rfc1034identifier)";
				PRODUCT_NAME = "$(TARGET_NAME)";
				SWIFT_VERSION = 3.0;
			};
			name = Release;
		};
		607FACF31AFB9204008FA782 /* Debug */ = {
			isa = XCBuildConfiguration;
			baseConfigurationReference = 4B271D848D1B20EA6CA3AF45 /* Pods-CGExtensions_Tests_iOS.debug.xcconfig */;
			buildSettings = {
				BUNDLE_LOADER = "$(TEST_HOST)";
				GCC_PREPROCESSOR_DEFINITIONS = (
					"DEBUG=1",
					"$(inherited)",
				);
				INFOPLIST_FILE = Tests/iOS/Info.plist;
				LD_RUNPATH_SEARCH_PATHS = "$(inherited) @executable_path/Frameworks @loader_path/Frameworks";
				PRODUCT_BUNDLE_IDENTIFIER = "org.cocoapods.$(PRODUCT_NAME:rfc1034identifier)";
				PRODUCT_NAME = "$(TARGET_NAME)";
				SWIFT_VERSION = 3.0;
				TEST_HOST = "$(BUILT_PRODUCTS_DIR)/CGExtensions_Example_iOS.app/CGExtensions_Example_iOS";
			};
			name = Debug;
		};
		607FACF41AFB9204008FA782 /* Release */ = {
			isa = XCBuildConfiguration;
			baseConfigurationReference = 4E4DAE0D6389FE46A67AA644 /* Pods-CGExtensions_Tests_iOS.release.xcconfig */;
			buildSettings = {
				BUNDLE_LOADER = "$(TEST_HOST)";
				INFOPLIST_FILE = Tests/iOS/Info.plist;
				LD_RUNPATH_SEARCH_PATHS = "$(inherited) @executable_path/Frameworks @loader_path/Frameworks";
				PRODUCT_BUNDLE_IDENTIFIER = "org.cocoapods.$(PRODUCT_NAME:rfc1034identifier)";
				PRODUCT_NAME = "$(TARGET_NAME)";
				SWIFT_VERSION = 3.0;
				TEST_HOST = "$(BUILT_PRODUCTS_DIR)/CGExtensions_Example_iOS.app/CGExtensions_Example_iOS";
			};
			name = Release;
		};
/* End XCBuildConfiguration section */

/* Begin XCConfigurationList section */
		0096297B1E1EAF3900DDA0AF /* Build configuration list for PBXNativeTarget "CGExtensions_Example_macOS" */ = {
			isa = XCConfigurationList;
			buildConfigurations = (
				0096297C1E1EAF3900DDA0AF /* Debug */,
				0096297D1E1EAF3900DDA0AF /* Release */,
			);
			defaultConfigurationIsVisible = 0;
			defaultConfigurationName = Release;
		};
		0096297E1E1EAF3900DDA0AF /* Build configuration list for PBXNativeTarget "CGExtensions_Tests_macOS" */ = {
			isa = XCConfigurationList;
			buildConfigurations = (
				0096297F1E1EAF3900DDA0AF /* Debug */,
				009629801E1EAF3900DDA0AF /* Release */,
			);
			defaultConfigurationIsVisible = 0;
			defaultConfigurationName = Release;
		};
		607FACCB1AFB9204008FA782 /* Build configuration list for PBXProject "CGExtensions" */ = {
			isa = XCConfigurationList;
			buildConfigurations = (
				607FACED1AFB9204008FA782 /* Debug */,
				607FACEE1AFB9204008FA782 /* Release */,
			);
			defaultConfigurationIsVisible = 0;
			defaultConfigurationName = Release;
		};
		607FACEF1AFB9204008FA782 /* Build configuration list for PBXNativeTarget "CGExtensions_Example_iOS" */ = {
			isa = XCConfigurationList;
			buildConfigurations = (
				607FACF01AFB9204008FA782 /* Debug */,
				607FACF11AFB9204008FA782 /* Release */,
			);
			defaultConfigurationIsVisible = 0;
			defaultConfigurationName = Release;
		};
		607FACF21AFB9204008FA782 /* Build configuration list for PBXNativeTarget "CGExtensions_Tests_iOS" */ = {
			isa = XCConfigurationList;
			buildConfigurations = (
				607FACF31AFB9204008FA782 /* Debug */,
				607FACF41AFB9204008FA782 /* Release */,
			);
			defaultConfigurationIsVisible = 0;
			defaultConfigurationName = Release;
		};
/* End XCConfigurationList section */
	};
	rootObject = 607FACC81AFB9204008FA782 /* Project object */;
}
